// !$*UTF8*$!
{
	archiveVersion = 1;
	classes = {
	};
	objectVersion = 46;
	objects = {

/* Begin PBXBuildFile section */
		BDD010361B54A9C60012C6A6 /* MafiaViewController.m in Sources */ = {isa = PBXBuildFile; fileRef = BDD010351B54A9C60012C6A6 /* MafiaViewController.m */; };
		BDD010391B54A9CF0012C6A6 /* SherrifViewController.m in Sources */ = {isa = PBXBuildFile; fileRef = BDD010381B54A9CF0012C6A6 /* SherrifViewController.m */; };
		BDD0103C1B54B2450012C6A6 /* Mafia.m in Sources */ = {isa = PBXBuildFile; fileRef = BDD0103B1B54B2450012C6A6 /* Mafia.m */; };
		BDD010421B54B6BA0012C6A6 /* GameViewController.m in Sources */ = {isa = PBXBuildFile; fileRef = BDD010411B54B6BA0012C6A6 /* GameViewController.m */; };
		BDDDF9151B549A60007DDB18 /* main.m in Sources */ = {isa = PBXBuildFile; fileRef = BDDDF9141B549A60007DDB18 /* main.m */; };
		BDDDF9181B549A60007DDB18 /* AppDelegate.m in Sources */ = {isa = PBXBuildFile; fileRef = BDDDF9171B549A60007DDB18 /* AppDelegate.m */; };
		BDDDF91B1B549A60007DDB18 /* ViewController.m in Sources */ = {isa = PBXBuildFile; fileRef = BDDDF91A1B549A60007DDB18 /* ViewController.m */; };
		BDDDF91E1B549A60007DDB18 /* Main.storyboard in Resources */ = {isa = PBXBuildFile; fileRef = BDDDF91C1B549A60007DDB18 /* Main.storyboard */; };
		BDDDF9201B549A60007DDB18 /* Images.xcassets in Resources */ = {isa = PBXBuildFile; fileRef = BDDDF91F1B549A60007DDB18 /* Images.xcassets */; };
		BDDDF9231B549A60007DDB18 /* LaunchScreen.xib in Resources */ = {isa = PBXBuildFile; fileRef = BDDDF9211B549A60007DDB18 /* LaunchScreen.xib */; };
		BDDDF92F1B549A61007DDB18 /* MafiaTests.m in Sources */ = {isa = PBXBuildFile; fileRef = BDDDF92E1B549A61007DDB18 /* MafiaTests.m */; };
/* End PBXBuildFile section */

/* Begin PBXContainerItemProxy section */
		BDDDF9291B549A61007DDB18 /* PBXContainerItemProxy */ = {
			isa = PBXContainerItemProxy;
			containerPortal = BDDDF9071B549A60007DDB18 /* Project object */;
			proxyType = 1;
			remoteGlobalIDString = BDDDF90E1B549A60007DDB18;
			remoteInfo = Mafia;
		};
/* End PBXContainerItemProxy section */

/* Begin PBXFileReference section */
		BDD010341B54A9C60012C6A6 /* MafiaViewController.h */ = {isa = PBXFileReference; fileEncoding = 4; lastKnownFileType = sourcecode.c.h; path = MafiaViewController.h; sourceTree = "<group>"; };
		BDD010351B54A9C60012C6A6 /* MafiaViewController.m */ = {isa = PBXFileReference; fileEncoding = 4; lastKnownFileType = sourcecode.c.objc; path = MafiaViewController.m; sourceTree = "<group>"; };
		BDD010371B54A9CF0012C6A6 /* SherrifViewController.h */ = {isa = PBXFileReference; fileEncoding = 4; lastKnownFileType = sourcecode.c.h; path = SherrifViewController.h; sourceTree = "<group>"; };
		BDD010381B54A9CF0012C6A6 /* SherrifViewController.m */ = {isa = PBXFileReference; fileEncoding = 4; lastKnownFileType = sourcecode.c.objc; path = SherrifViewController.m; sourceTree = "<group>"; };
		BDD0103A1B54B2450012C6A6 /* Mafia.h */ = {isa = PBXFileReference; fileEncoding = 4; lastKnownFileType = sourcecode.c.h; path = Mafia.h; sourceTree = "<group>"; };
		BDD0103B1B54B2450012C6A6 /* Mafia.m */ = {isa = PBXFileReference; fileEncoding = 4; lastKnownFileType = sourcecode.c.objc; path = Mafia.m; sourceTree = "<group>"; };
		BDD010401B54B6BA0012C6A6 /* GameViewController.h */ = {isa = PBXFileReference; fileEncoding = 4; lastKnownFileType = sourcecode.c.h; path = GameViewController.h; sourceTree = "<group>"; };
		BDD010411B54B6BA0012C6A6 /* GameViewController.m */ = {isa = PBXFileReference; fileEncoding = 4; lastKnownFileType = sourcecode.c.objc; path = GameViewController.m; sourceTree = "<group>"; };
		BDDDF90F1B549A60007DDB18 /* Mafia.app */ = {isa = PBXFileReference; explicitFileType = wrapper.application; includeInIndex = 0; path = Mafia.app; sourceTree = BUILT_PRODUCTS_DIR; };
		BDDDF9131B549A60007DDB18 /* Info.plist */ = {isa = PBXFileReference; lastKnownFileType = text.plist.xml; path = Info.plist; sourceTree = "<group>"; };
		BDDDF9141B549A60007DDB18 /* main.m */ = {isa = PBXFileReference; lastKnownFileType = sourcecode.c.objc; path = main.m; sourceTree = "<group>"; };
		BDDDF9161B549A60007DDB18 /* AppDelegate.h */ = {isa = PBXFileReference; lastKnownFileType = sourcecode.c.h; path = AppDelegate.h; sourceTree = "<group>"; };
		BDDDF9171B549A60007DDB18 /* AppDelegate.m */ = {isa = PBXFileReference; lastKnownFileType = sourcecode.c.objc; path = AppDelegate.m; sourceTree = "<group>"; };
		BDDDF9191B549A60007DDB18 /* ViewController.h */ = {isa = PBXFileReference; lastKnownFileType = sourcecode.c.h; path = ViewController.h; sourceTree = "<group>"; };
		BDDDF91A1B549A60007DDB18 /* ViewController.m */ = {isa = PBXFileReference; lastKnownFileType = sourcecode.c.objc; path = ViewController.m; sourceTree = "<group>"; };
		BDDDF91D1B549A60007DDB18 /* Base */ = {isa = PBXFileReference; lastKnownFileType = file.storyboard; name = Base; path = Base.lproj/Main.storyboard; sourceTree = "<group>"; };
		BDDDF91F1B549A60007DDB18 /* Images.xcassets */ = {isa = PBXFileReference; lastKnownFileType = folder.assetcatalog; path = Images.xcassets; sourceTree = "<group>"; };
		BDDDF9221B549A60007DDB18 /* Base */ = {isa = PBXFileReference; lastKnownFileType = file.xib; name = Base; path = Base.lproj/LaunchScreen.xib; sourceTree = "<group>"; };
		BDDDF9281B549A61007DDB18 /* MafiaTests.xctest */ = {isa = PBXFileReference; explicitFileType = wrapper.cfbundle; includeInIndex = 0; path = MafiaTests.xctest; sourceTree = BUILT_PRODUCTS_DIR; };
		BDDDF92D1B549A61007DDB18 /* Info.plist */ = {isa = PBXFileReference; lastKnownFileType = text.plist.xml; path = Info.plist; sourceTree = "<group>"; };
		BDDDF92E1B549A61007DDB18 /* MafiaTests.m */ = {isa = PBXFileReference; lastKnownFileType = sourcecode.c.objc; path = MafiaTests.m; sourceTree = "<group>"; };
/* End PBXFileReference section */

/* Begin PBXFrameworksBuildPhase section */
		BDDDF90C1B549A60007DDB18 /* Frameworks */ = {
			isa = PBXFrameworksBuildPhase;
			buildActionMask = 2147483647;
			files = (
			);
			runOnlyForDeploymentPostprocessing = 0;
		};
		BDDDF9251B549A61007DDB18 /* Frameworks */ = {
			isa = PBXFrameworksBuildPhase;
			buildActionMask = 2147483647;
			files = (
			);
			runOnlyForDeploymentPostprocessing = 0;
		};
/* End PBXFrameworksBuildPhase section */

/* Begin PBXGroup section */
		BDDDF9061B549A60007DDB18 = {
			isa = PBXGroup;
			children = (
				BDDDF9111B549A60007DDB18 /* Mafia */,
				BDDDF92B1B549A61007DDB18 /* MafiaTests */,
				BDDDF9101B549A60007DDB18 /* Products */,
			);
			sourceTree = "<group>";
		};
		BDDDF9101B549A60007DDB18 /* Products */ = {
			isa = PBXGroup;
			children = (
				BDDDF90F1B549A60007DDB18 /* Mafia.app */,
				BDDDF9281B549A61007DDB18 /* MafiaTests.xctest */,
			);
			name = Products;
			sourceTree = "<group>";
		};
		BDDDF9111B549A60007DDB18 /* Mafia */ = {
			isa = PBXGroup;
			children = (
				BDDDF9161B549A60007DDB18 /* AppDelegate.h */,
				BDDDF9171B549A60007DDB18 /* AppDelegate.m */,
				BDDDF9191B549A60007DDB18 /* ViewController.h */,
				BDDDF91A1B549A60007DDB18 /* ViewController.m */,
				BDD0103A1B54B2450012C6A6 /* Mafia.h */,
				BDD0103B1B54B2450012C6A6 /* Mafia.m */,
				BDD010371B54A9CF0012C6A6 /* SherrifViewController.h */,
				BDD010381B54A9CF0012C6A6 /* SherrifViewController.m */,
				BDDDF91C1B549A60007DDB18 /* Main.storyboard */,
				BDD010401B54B6BA0012C6A6 /* GameViewController.h */,
				BDD010411B54B6BA0012C6A6 /* GameViewController.m */,
				BDD010341B54A9C60012C6A6 /* MafiaViewController.h */,
				BDD010351B54A9C60012C6A6 /* MafiaViewController.m */,
				BDDDF91F1B549A60007DDB18 /* Images.xcassets */,
				BDDDF9211B549A60007DDB18 /* LaunchScreen.xib */,
				BDDDF9121B549A60007DDB18 /* Supporting Files */,
			);
			path = Mafia;
			sourceTree = "<group>";
		};
		BDDDF9121B549A60007DDB18 /* Supporting Files */ = {
			isa = PBXGroup;
			children = (
				BDDDF9131B549A60007DDB18 /* Info.plist */,
				BDDDF9141B549A60007DDB18 /* main.m */,
			);
			name = "Supporting Files";
			sourceTree = "<group>";
		};
		BDDDF92B1B549A61007DDB18 /* MafiaTests */ = {
			isa = PBXGroup;
			children = (
				BDDDF92E1B549A61007DDB18 /* MafiaTests.m */,
				BDDDF92C1B549A61007DDB18 /* Supporting Files */,
			);
			path = MafiaTests;
			sourceTree = "<group>";
		};
		BDDDF92C1B549A61007DDB18 /* Supporting Files */ = {
			isa = PBXGroup;
			children = (
				BDDDF92D1B549A61007DDB18 /* Info.plist */,
			);
			name = "Supporting Files";
			sourceTree = "<group>";
		};
/* End PBXGroup section */

/* Begin PBXNativeTarget section */
		BDDDF90E1B549A60007DDB18 /* Mafia */ = {
			isa = PBXNativeTarget;
			buildConfigurationList = BDDDF9321B549A61007DDB18 /* Build configuration list for PBXNativeTarget "Mafia" */;
			buildPhases = (
				BDDDF90B1B549A60007DDB18 /* Sources */,
				BDDDF90C1B549A60007DDB18 /* Frameworks */,
				BDDDF90D1B549A60007DDB18 /* Resources */,
			);
			buildRules = (
			);
			dependencies = (
			);
			name = Mafia;
			productName = Mafia;
			productReference = BDDDF90F1B549A60007DDB18 /* Mafia.app */;
			productType = "com.apple.product-type.application";
		};
		BDDDF9271B549A61007DDB18 /* MafiaTests */ = {
			isa = PBXNativeTarget;
			buildConfigurationList = BDDDF9351B549A61007DDB18 /* Build configuration list for PBXNativeTarget "MafiaTests" */;
			buildPhases = (
				BDDDF9241B549A61007DDB18 /* Sources */,
				BDDDF9251B549A61007DDB18 /* Frameworks */,
				BDDDF9261B549A61007DDB18 /* Resources */,
			);
			buildRules = (
			);
			dependencies = (
				BDDDF92A1B549A61007DDB18 /* PBXTargetDependency */,
			);
			name = MafiaTests;
			productName = MafiaTests;
			productReference = BDDDF9281B549A61007DDB18 /* MafiaTests.xctest */;
			productType = "com.apple.product-type.bundle.unit-test";
		};
/* End PBXNativeTarget section */

/* Begin PBXProject section */
		BDDDF9071B549A60007DDB18 /* Project object */ = {
			isa = PBXProject;
			attributes = {
				LastUpgradeCheck = 0640;
				ORGANIZATIONNAME = "Jeff Huang";
				TargetAttributes = {
					BDDDF90E1B549A60007DDB18 = {
						CreatedOnToolsVersion = 6.4;
					};
					BDDDF9271B549A61007DDB18 = {
						CreatedOnToolsVersion = 6.4;
						TestTargetID = BDDDF90E1B549A60007DDB18;
					};
				};
			};
			buildConfigurationList = BDDDF90A1B549A60007DDB18 /* Build configuration list for PBXProject "Mafia" */;
			compatibilityVersion = "Xcode 3.2";
			developmentRegion = English;
			hasScannedForEncodings = 0;
			knownRegions = (
				en,
				Base,
			);
			mainGroup = BDDDF9061B549A60007DDB18;
			productRefGroup = BDDDF9101B549A60007DDB18 /* Products */;
			projectDirPath = "";
			projectRoot = "";
			targets = (
				BDDDF90E1B549A60007DDB18 /* Mafia */,
				BDDDF9271B549A61007DDB18 /* MafiaTests */,
			);
		};
/* End PBXProject section */

/* Begin PBXResourcesBuildPhase section */
		BDDDF90D1B549A60007DDB18 /* Resources */ = {
			isa = PBXResourcesBuildPhase;
			buildActionMask = 2147483647;
			files = (
				BDDDF91E1B549A60007DDB18 /* Main.storyboard in Resources */,
				BDDDF9231B549A60007DDB18 /* LaunchScreen.xib in Resources */,
				BDDDF9201B549A60007DDB18 /* Images.xcassets in Resources */,
			);
			runOnlyForDeploymentPostprocessing = 0;
		};
		BDDDF9261B549A61007DDB18 /* Resources */ = {
			isa = PBXResourcesBuildPhase;
			buildActionMask = 2147483647;
			files = (
			);
			runOnlyForDeploymentPostprocessing = 0;
		};
/* End PBXResourcesBuildPhase section */

/* Begin PBXSourcesBuildPhase section */
		BDDDF90B1B549A60007DDB18 /* Sources */ = {
			isa = PBXSourcesBuildPhase;
			buildActionMask = 2147483647;
			files = (
				BDD0103C1B54B2450012C6A6 /* Mafia.m in Sources */,
				BDDDF91B1B549A60007DDB18 /* ViewController.m in Sources */,
				BDD010421B54B6BA0012C6A6 /* GameViewController.m in Sources */,
				BDD010361B54A9C60012C6A6 /* MafiaViewController.m in Sources */,
				BDDDF9181B549A60007DDB18 /* AppDelegate.m in Sources */,
				BDDDF9151B549A60007DDB18 /* main.m in Sources */,
				BDD010391B54A9CF0012C6A6 /* SherrifViewController.m in Sources */,
			);
			runOnlyForDeploymentPostprocessing = 0;
		};
		BDDDF9241B549A61007DDB18 /* Sources */ = {
			isa = PBXSourcesBuildPhase;
			buildActionMask = 2147483647;
			files = (
				BDDDF92F1B549A61007DDB18 /* MafiaTests.m in Sources */,
			);
			runOnlyForDeploymentPostprocessing = 0;
		};
/* End PBXSourcesBuildPhase section */

/* Begin PBXTargetDependency section */
		BDDDF92A1B549A61007DDB18 /* PBXTargetDependency */ = {
			isa = PBXTargetDependency;
			target = BDDDF90E1B549A60007DDB18 /* Mafia */;
			targetProxy = BDDDF9291B549A61007DDB18 /* PBXContainerItemProxy */;
		};
/* End PBXTargetDependency section */

/* Begin PBXVariantGroup section */
		BDDDF91C1B549A60007DDB18 /* Main.storyboard */ = {
			isa = PBXVariantGroup;
			children = (
				BDDDF91D1B549A60007DDB18 /* Base */,
			);
			name = Main.storyboard;
			sourceTree = "<group>";
		};
		BDDDF9211B549A60007DDB18 /* LaunchScreen.xib */ = {
			isa = PBXVariantGroup;
			children = (
				BDDDF9221B549A60007DDB18 /* Base */,
			);
			name = LaunchScreen.xib;
			sourceTree = "<group>";
		};
/* End PBXVariantGroup section */

/* Begin XCBuildConfiguration section */
		BDDDF9301B549A61007DDB18 /* Debug */ = {
			isa = XCBuildConfiguration;
			buildSettings = {
				ALWAYS_SEARCH_USER_PATHS = NO;
				CLANG_CXX_LANGUAGE_STANDARD = "gnu++0x";
				CLANG_CXX_LIBRARY = "libc++";
				CLANG_ENABLE_MODULES = YES;
				CLANG_ENABLE_OBJC_ARC = YES;
				CLANG_WARN_BOOL_CONVERSION = YES;
				CLANG_WARN_CONSTANT_CONVERSION = YES;
				CLANG_WARN_DIRECT_OBJC_ISA_USAGE = YES_ERROR;
				CLANG_WARN_EMPTY_BODY = YES;
				CLANG_WARN_ENUM_CONVERSION = YES;
				CLANG_WARN_INT_CONVERSION = YES;
				CLANG_WARN_OBJC_ROOT_CLASS = YES_ERROR;
				CLANG_WARN_UNREACHABLE_CODE = YES;
				CLANG_WARN__DUPLICATE_METHOD_MATCH = YES;
				"CODE_SIGN_IDENTITY[sdk=iphoneos*]" = "iPhone Developer";
				COPY_PHASE_STRIP = NO;
				DEBUG_INFORMATION_FORMAT = "dwarf-with-dsym";
				ENABLE_STRICT_OBJC_MSGSEND = YES;
				GCC_C_LANGUAGE_STANDARD = gnu99;
				GCC_DYNAMIC_NO_PIC = NO;
				GCC_NO_COMMON_BLOCKS = YES;
				GCC_OPTIMIZATION_LEVEL = 0;
				GCC_PREPROCESSOR_DEFINITIONS = (
					"DEBUG=1",
					"$(inherited)",
				);
				GCC_SYMBOLS_PRIVATE_EXTERN = NO;
				GCC_WARN_64_TO_32_BIT_CONVERSION = YES;
				GCC_WARN_ABOUT_RETURN_TYPE = YES_ERROR;
				GCC_WARN_UNDECLARED_SELECTOR = YES;
				GCC_WARN_UNINITIALIZED_AUTOS = YES_AGGRESSIVE;
				GCC_WARN_UNUSED_FUNCTION = YES;
				GCC_WARN_UNUSED_VARIABLE = YES;
				IPHONEOS_DEPLOYMENT_TARGET = 8.4;
				MTL_ENABLE_DEBUG_INFO = YES;
				ONLY_ACTIVE_ARCH = YES;
				SDKROOT = iphoneos;
				TARGETED_DEVICE_FAMILY = "1,2";
			};
			name = Debug;
		};
		BDDDF9311B549A61007DDB18 /* Release */ = {
			isa = XCBuildConfiguration;
			buildSettings = {
				ALWAYS_SEARCH_USER_PATHS = NO;
				CLANG_CXX_LANGUAGE_STANDARD = "gnu++0x";
				CLANG_CXX_LIBRARY = "libc++";
				CLANG_ENABLE_MODULES = YES;
				CLANG_ENABLE_OBJC_ARC = YES;
				CLANG_WARN_BOOL_CONVERSION = YES;
				CLANG_WARN_CONSTANT_CONVERSION = YES;
				CLANG_WARN_DIRECT_OBJC_ISA_USAGE = YES_ERROR;
				CLANG_WARN_EMPTY_BODY = YES;
				CLANG_WARN_ENUM_CONVERSION = YES;
				CLANG_WARN_INT_CONVERSION = YES;
				CLANG_WARN_OBJC_ROOT_CLASS = YES_ERROR;
				CLANG_WARN_UNREACHABLE_CODE = YES;
				CLANG_WARN__DUPLICATE_METHOD_MATCH = YES;
				"CODE_SIGN_IDENTITY[sdk=iphoneos*]" = "iPhone Developer";
				COPY_PHASE_STRIP = NO;
				DEBUG_INFORMATION_FORMAT = "dwarf-with-dsym";
				ENABLE_NS_ASSERTIONS = NO;
				ENABLE_STRICT_OBJC_MSGSEND = YES;
				GCC_C_LANGUAGE_STANDARD = gnu99;
				GCC_NO_COMMON_BLOCKS = YES;
				GCC_WARN_64_TO_32_BIT_CONVERSION = YES;
				GCC_WARN_ABOUT_RETURN_TYPE = YES_ERROR;
				GCC_WARN_UNDECLARED_SELECTOR = YES;
				GCC_WARN_UNINITIALIZED_AUTOS = YES_AGGRESSIVE;
				GCC_WARN_UNUSED_FUNCTION = YES;
				GCC_WARN_UNUSED_VARIABLE = YES;
				IPHONEOS_DEPLOYMENT_TARGET = 8.4;
				MTL_ENABLE_DEBUG_INFO = NO;
				SDKROOT = iphoneos;
				TARGETED_DEVICE_FAMILY = "1,2";
				VALIDATE_PRODUCT = YES;
			};
			name = Release;
		};
		BDDDF9331B549A61007DDB18 /* Debug */ = {
			isa = XCBuildConfiguration;
			buildSettings = {
				ASSETCATALOG_COMPILER_APPICON_NAME = AppIcon;
				INFOPLIST_FILE = Mafia/Info.plist;
				LD_RUNPATH_SEARCH_PATHS = "$(inherited) @executable_path/Frameworks";
				PRODUCT_NAME = "$(TARGET_NAME)";
			};
			name = Debug;
		};
		BDDDF9341B549A61007DDB18 /* Release */ = {
			isa = XCBuildConfiguration;
			buildSettings = {
				ASSETCATALOG_COMPILER_APPICON_NAME = AppIcon;
				INFOPLIST_FILE = Mafia/Info.plist;
				LD_RUNPATH_SEARCH_PATHS = "$(inherited) @executable_path/Frameworks";
				PRODUCT_NAME = "$(TARGET_NAME)";
			};
			name = Release;
		};
		BDDDF9361B549A61007DDB18 /* Debug */ = {
			isa = XCBuildConfiguration;
			buildSettings = {
				BUNDLE_LOADER = "$(TEST_HOST)";
				FRAMEWORK_SEARCH_PATHS = (
					"$(SDKROOT)/Developer/Library/Frameworks",
					"$(inherited)",
				);
				GCC_PREPROCESSOR_DEFINITIONS = (
					"DEBUG=1",
					"$(inherited)",
				);
				INFOPLIST_FILE = MafiaTests/Info.plist;
				LD_RUNPATH_SEARCH_PATHS = "$(inherited) @executable_path/Frameworks @loader_path/Frameworks";
				PRODUCT_NAME = "$(TARGET_NAME)";
				TEST_HOST = "$(BUILT_PRODUCTS_DIR)/Mafia.app/Mafia";
			};
			name = Debug;
		};
		BDDDF9371B549A61007DDB18 /* Release */ = {
			isa = XCBuildConfiguration;
			buildSettings = {
				BUNDLE_LOADER = "$(TEST_HOST)";
				FRAMEWORK_SEARCH_PATHS = (
					"$(SDKROOT)/Developer/Library/Frameworks",
					"$(inherited)",
				);
				INFOPLIST_FILE = MafiaTests/Info.plist;
				LD_RUNPATH_SEARCH_PATHS = "$(inherited) @executable_path/Frameworks @loader_path/Frameworks";
				PRODUCT_NAME = "$(TARGET_NAME)";
				TEST_HOST = "$(BUILT_PRODUCTS_DIR)/Mafia.app/Mafia";
			};
			name = Release;
		};
/* End XCBuildConfiguration section */

/* Begin XCConfigurationList section */
		BDDDF90A1B549A60007DDB18 /* Build configuration list for PBXProject "Mafia" */ = {
			isa = XCConfigurationList;
			buildConfigurations = (
				BDDDF9301B549A61007DDB18 /* Debug */,
				BDDDF9311B549A61007DDB18 /* Release */,
			);
			defaultConfigurationIsVisible = 0;
			defaultConfigurationName = Release;
		};
		BDDDF9321B549A61007DDB18 /* Build configuration list for PBXNativeTarget "Mafia" */ = {
			isa = XCConfigurationList;
			buildConfigurations = (
				BDDDF9331B549A61007DDB18 /* Debug */,
				BDDDF9341B549A61007DDB18 /* Release */,
			);
			defaultConfigurationIsVisible = 0;
			defaultConfigurationName = Release;
		};
		BDDDF9351B549A61007DDB18 /* Build configuration list for PBXNativeTarget "MafiaTests" */ = {
			isa = XCConfigurationList;
			buildConfigurations = (
				BDDDF9361B549A61007DDB18 /* Debug */,
				BDDDF9371B549A61007DDB18 /* Release */,
			);
			defaultConfigurationIsVisible = 0;
			defaultConfigurationName = Release;
		};
/* End XCConfigurationList section */
	};
	rootObject = BDDDF9071B549A60007DDB18 /* Project object */;
}
